
Microsoft Visual Studio Solution File, Format Version 12.00
# Visual Studio Version 17
VisualStudioVersion = 17.0.31903.59
MinimumVisualStudioVersion = 10.0.40219.1
Project("{FAE04EC0-301F-11D3-BF4B-00C04F79EFBC}") = "HomeAutomationApi.WebApplication", "HomeAutomationApi.WebApplication\HomeAutomationApi.WebApplication.csproj", "{F075A31E-6ACA-4E74-A01F-EFA3D773F891}"
EndProject
Project("{FAE04EC0-301F-11D3-BF4B-00C04F79EFBC}") = "HomeAutomationApi.Services.Tests", "HomeAutomationApi.Services.Tests\HomeAutomationApi.Services.Tests.csproj", "{3591C4AE-9657-4124-809A-DF426EB080AD}"
EndProject
Project("{FAE04EC0-301F-11D3-BF4B-00C04F79EFBC}") = "HomeAutomationApi.Services", "HomeAutomationApi.Services\HomeAutomationApi.Services.csproj", "{45EFDDF4-D56F-450A-AE6D-7D2C10532BA0}"
EndProject
Project("{FAE04EC0-301F-11D3-BF4B-00C04F79EFBC}") = "HomeAutomationApi.WebApplication.Tests", "HomeAutomationApi.WebApplication.Tests\HomeAutomationApi.WebApplication.Tests.csproj", "{89D9FF28-3671-402C-AF18-5C7ACA2692E5}"
EndProject
Project("{2150E333-8FDC-42A3-9474-1A3956D46DE8}") = "Solution Items", "Solution Items", "{5658ADB3-C067-48EE-8876-7FB5E3A2A398}"
	ProjectSection(SolutionItems) = preProject
		build.ps1 = build.ps1
		deploy.ps1 = deploy.ps1
		docker-compose.yml = docker-compose.yml
		Dockerfile = Dockerfile
		refresh.ps1 = refresh.ps1
	EndProjectSection
EndProject
Global
	GlobalSection(SolutionConfigurationPlatforms) = preSolution
		Debug|Any CPU = Debug|Any CPU
		Release|Any CPU = Release|Any CPU
	EndGlobalSection
	GlobalSection(SolutionProperties) = preSolution
		HideSolutionNode = FALSE
	EndGlobalSection
	GlobalSection(ProjectConfigurationPlatforms) = postSolution
		{F075A31E-6ACA-4E74-A01F-EFA3D773F891}.Debug|Any CPU.ActiveCfg = Debug|Any CPU
		{F075A31E-6ACA-4E74-A01F-EFA3D773F891}.Debug|Any CPU.Build.0 = Debug|Any CPU
		{F075A31E-6ACA-4E74-A01F-EFA3D773F891}.Release|Any CPU.ActiveCfg = Release|Any CPU
		{F075A31E-6ACA-4E74-A01F-EFA3D773F891}.Release|Any CPU.Build.0 = Release|Any CPU
		{3591C4AE-9657-4124-809A-DF426EB080AD}.Debug|Any CPU.ActiveCfg = Debug|Any CPU
		{3591C4AE-9657-4124-809A-DF426EB080AD}.Debug|Any CPU.Build.0 = Debug|Any CPU
		{3591C4AE-9657-4124-809A-DF426EB080AD}.Release|Any CPU.ActiveCfg = Release|Any CPU
		{3591C4AE-9657-4124-809A-DF426EB080AD}.Release|Any CPU.Build.0 = Release|Any CPU
		{45EFDDF4-D56F-450A-AE6D-7D2C10532BA0}.Debug|Any CPU.ActiveCfg = Debug|Any CPU
		{45EFDDF4-D56F-450A-AE6D-7D2C10532BA0}.Debug|Any CPU.Build.0 = Debug|Any CPU
		{45EFDDF4-D56F-450A-AE6D-7D2C10532BA0}.Release|Any CPU.ActiveCfg = Release|Any CPU
		{45EFDDF4-D56F-450A-AE6D-7D2C10532BA0}.Release|Any CPU.Build.0 = Release|Any CPU
		{89D9FF28-3671-402C-AF18-5C7ACA2692E5}.Debug|Any CPU.ActiveCfg = Debug|Any CPU
		{89D9FF28-3671-402C-AF18-5C7ACA2692E5}.Debug|Any CPU.Build.0 = Debug|Any CPU
		{89D9FF28-3671-402C-AF18-5C7ACA2692E5}.Release|Any CPU.ActiveCfg = Release|Any CPU
		{89D9FF28-3671-402C-AF18-5C7ACA2692E5}.Release|Any CPU.Build.0 = Release|Any CPU
	EndGlobalSection
EndGlobal
